
Microsoft Visual Studio Solution File, Format Version 12.00
# Visual Studio Version 17
VisualStudioVersion = 17.2.32526.322
MinimumVisualStudioVersion = 10.0.40219.1
Project("{9A19103F-16F7-4668-BE54-9A1E7A4F7556}") = "TestSpaceBit", "TestSpaceBit.csproj", "{651D4236-2E80-49F7-8771-E4F5EA90409F}"
EndProject
Global
	GlobalSection(SolutionConfigurationPlatforms) = preSolution
		Debug|Any CPU = Debug|Any CPU
		Release|Any CPU = Release|Any CPU
	EndGlobalSection
	GlobalSection(ProjectConfigurationPlatforms) = postSolution
		{651D4236-2E80-49F7-8771-E4F5EA90409F}.Debug|Any CPU.ActiveCfg = Debug|Any CPU
		{651D4236-2E80-49F7-8771-E4F5EA90409F}.Debug|Any CPU.Build.0 = Debug|Any CPU
		{651D4236-2E80-49F7-8771-E4F5EA90409F}.Release|Any CPU.ActiveCfg = Release|Any CPU
		{651D4236-2E80-49F7-8771-E4F5EA90409F}.Release|Any CPU.Build.0 = Release|Any CPU
	EndGlobalSection
	GlobalSection(SolutionProperties) = preSolution
		HideSolutionNode = FALSE
	EndGlobalSection
	GlobalSection(ExtensibilityGlobals) = postSolution
		SolutionGuid = {E5C518F1-A3C8-4033-AC54-0A930A1A65B4}
	EndGlobalSection
EndGlobal
